{
  "version": 4,
  "terraform_version": "0.13.1",
  "serial": 541,
  "lineage": "dbac5bb5-4071-5ab0-f40d-140a7a7b4e25",
  "outputs": {},
  "resources": [
    {
      "module": "module.api",
      "mode": "managed",
      "type": "aws_api_gateway_method",
      "name": "get",
      "provider": "provider[\"registry.terraform.io/hashicorp/aws\"]",
      "instances": [
        {
          "schema_version": 0,
          "attributes": {
            "api_key_required": false,
            "authorization": "NONE",
            "authorization_scopes": [],
            "authorizer_id": "",
            "http_method": "GET",
            "id": "agm-43h7puec69-nfkjs9-GET",
            "request_models": {},
            "request_parameters": {},
            "request_validator_id": "",
            "resource_id": "nfkjs9",
            "rest_api_id": "43h7puec69"
          },
          "private": "bnVsbA==",
          "dependencies": [
            "module.api.aws_api_gateway_resource.list",
            "module.api.aws_api_gateway_rest_api.api"
          ],
          "create_before_destroy": true
        }
      ]
    },
    {
      "module": "module.api",
      "mode": "managed",
      "type": "aws_api_gateway_method",
      "name": "post",
      "provider": "provider[\"registry.terraform.io/hashicorp/aws\"]",
      "instances": [
        {
          "schema_version": 0,
          "attributes": {
            "api_key_required": false,
            "authorization": "NONE",
            "authorization_scopes": [],
            "authorizer_id": "",
            "http_method": "POST",
            "id": "agm-43h7puec69-fxbnqt-POST",
            "request_models": {},
            "request_parameters": {},
            "request_validator_id": "",
            "resource_id": "fxbnqt",
            "rest_api_id": "43h7puec69"
          },
          "private": "bnVsbA==",
          "dependencies": [
            "module.api.aws_api_gateway_resource.items",
            "module.api.aws_api_gateway_rest_api.api"
          ],
          "create_before_destroy": true
        }
      ]
    },
    {
      "module": "module.api",
      "mode": "managed",
      "type": "aws_api_gateway_resource",
      "name": "items",
      "provider": "provider[\"registry.terraform.io/hashicorp/aws\"]",
      "instances": [
        {
          "schema_version": 0,
          "attributes": {
            "id": "fxbnqt",
            "parent_id": "hzn6wju0sj",
            "path": "/items",
            "path_part": "items",
            "rest_api_id": "43h7puec69"
          },
          "private": "bnVsbA==",
          "dependencies": [
            "module.api.aws_api_gateway_rest_api.api"
          ],
          "create_before_destroy": true
        }
      ]
    },
    {
      "module": "module.api",
      "mode": "managed",
      "type": "aws_api_gateway_resource",
      "name": "list",
      "provider": "provider[\"registry.terraform.io/hashicorp/aws\"]",
      "instances": [
        {
          "schema_version": 0,
          "attributes": {
            "id": "nfkjs9",
            "parent_id": "hzn6wju0sj",
            "path": "/list",
            "path_part": "list",
            "rest_api_id": "43h7puec69"
          },
          "private": "bnVsbA==",
          "dependencies": [
            "module.api.aws_api_gateway_rest_api.api"
          ],
          "create_before_destroy": true
        }
      ]
    },
    {
      "module": "module.api",
      "mode": "managed",
      "type": "aws_api_gateway_rest_api",
      "name": "api",
      "provider": "provider[\"registry.terraform.io/hashicorp/aws\"]",
      "instances": [
        {
          "schema_version": 0,
          "attributes": {
            "api_key_source": "HEADER",
            "arn": "arn:aws:apigateway:us-east-1::/restapis/43h7puec69",
            "binary_media_types": [],
            "body": null,
            "created_date": "2020-09-01T13:59:08Z",
            "description": "",
            "endpoint_configuration": [
              {
                "types": [
                  "REGIONAL"
                ],
                "vpc_endpoint_ids": []
              }
            ],
            "execution_arn": "arn:aws:execute-api:us-east-1:533088704788:43h7puec69",
            "id": "43h7puec69",
            "minimum_compression_size": -1,
            "name": "test-api",
            "policy": "",
            "root_resource_id": "hzn6wju0sj",
            "tags": {}
          },
          "private": "bnVsbA==",
          "create_before_destroy": true
        }
      ]
    },
    {
      "module": "module.deploy",
      "mode": "managed",
      "type": "aws_api_gateway_deployment",
      "name": "deployment",
      "provider": "provider[\"registry.terraform.io/hashicorp/aws\"]",
      "instances": [
        {
          "schema_version": 0,
          "attributes": {
            "created_date": "2020-09-01T13:59:34Z",
            "description": "",
            "execution_arn": "arn:aws:execute-api:us-east-1:533088704788:43h7puec69/test",
            "id": "8dc5na",
            "invoke_url": "https://43h7puec69.execute-api.us-east-1.amazonaws.com/test",
            "rest_api_id": "43h7puec69",
            "stage_description": null,
            "stage_name": "test",
            "triggers": null,
            "variables": null
          },
          "private": "bnVsbA==",
          "dependencies": [
            "module.api.aws_api_gateway_method.get",
            "module.api.aws_api_gateway_method.post",
            "module.api.aws_api_gateway_resource.items",
            "module.api.aws_api_gateway_resource.list",
            "module.api.aws_api_gateway_rest_api.api",
            "module.integration.aws_api_gateway_integration.integration",
            "module.lambda.aws_iam_policy.dynamodb",
            "module.lambda.aws_iam_role.role",
            "module.lambda.aws_iam_role_policy_attachment.dynamodb",
            "module.lambda.aws_lambda_function.lambda",
            "module.lambda.aws_lambda_permission.apigw_lambda"
          ],
          "create_before_destroy": true
        }
      ]
    },
    {
      "module": "module.dynamodb",
      "mode": "managed",
      "type": "aws_dynamodb_table",
      "name": "teams-dynamodb-table",
      "provider": "provider[\"registry.terraform.io/hashicorp/aws\"]",
      "instances": [
        {
          "schema_version": 1,
          "attributes": {
            "arn": "arn:aws:dynamodb:us-east-1:533088704788:table/Teams",
            "attribute": [
              {
                "name": "PlayerName",
                "type": "S"
              },
              {
                "name": "TeamTitle",
                "type": "S"
              }
            ],
            "billing_mode": "PROVISIONED",
            "global_secondary_index": [],
            "hash_key": "TeamTitle",
            "id": "Teams",
            "local_secondary_index": [],
            "name": "Teams",
            "point_in_time_recovery": [
              {
                "enabled": false
              }
            ],
            "range_key": "PlayerName",
            "read_capacity": 20,
            "replica": [],
            "server_side_encryption": [],
            "stream_arn": "",
            "stream_enabled": false,
            "stream_label": "",
            "stream_view_type": "",
            "tags": {},
            "timeouts": null,
            "ttl": [
              {
                "attribute_name": "",
                "enabled": false
              }
            ],
            "write_capacity": 20
          },
          "private": "eyJlMmJmYjczMC1lY2FhLTExZTYtOGY4OC0zNDM2M2JjN2M0YzAiOnsiY3JlYXRlIjo2MDAwMDAwMDAwMDAsImRlbGV0ZSI6NjAwMDAwMDAwMDAwLCJ1cGRhdGUiOjM2MDAwMDAwMDAwMDB9LCJzY2hlbWFfdmVyc2lvbiI6IjEifQ=="
        }
      ]
    },
    {
      "module": "module.dynamodb",
      "mode": "managed",
      "type": "aws_dynamodb_table_item",
      "name": "the-players",
      "provider": "provider[\"registry.terraform.io/hashicorp/aws\"]",
      "instances": [
        {
          "index_key": 0,
          "schema_version": 0,
          "attributes": {
            "hash_key": "TeamTitle",
            "id": "Teams|TeamTitle||Manchester City||PlayerName||Sergio Aguero|",
            "item": "{\"PlayerName\":{\"S\":\"Sergio Aguero\"},\"TeamTitle\":{\"S\":\"Manchester City\"}}",
            "range_key": "PlayerName",
            "table_name": "Teams"
          },
          "private": "bnVsbA==",
          "dependencies": [
            "module.dynamodb.aws_dynamodb_table.teams-dynamodb-table"
          ]
        },
        {
          "index_key": 1,
          "schema_version": 0,
          "attributes": {
            "hash_key": "TeamTitle",
            "id": "Teams|TeamTitle||Manchester United||PlayerName||Paul Pogba|",
            "item": "{\"PlayerName\":{\"S\":\"Paul Pogba\"},\"TeamTitle\":{\"S\":\"Manchester United\"}}",
            "range_key": "PlayerName",
            "table_name": "Teams"
          },
          "private": "bnVsbA==",
          "dependencies": [
            "module.dynamodb.aws_dynamodb_table.teams-dynamodb-table"
          ]
        },
        {
          "index_key": 2,
          "schema_version": 0,
          "attributes": {
            "hash_key": "TeamTitle",
            "id": "Teams|TeamTitle||Chelsea||PlayerName||Frank Lampard|",
            "item": "{\"PlayerName\":{\"S\":\"Frank Lampard\"},\"TeamTitle\":{\"S\":\"Chelsea\"}}",
            "range_key": "PlayerName",
            "table_name": "Teams"
          },
          "private": "bnVsbA==",
          "dependencies": [
            "module.dynamodb.aws_dynamodb_table.teams-dynamodb-table"
          ]
        },
        {
          "index_key": 3,
          "schema_version": 0,
          "attributes": {
            "hash_key": "TeamTitle",
            "id": "Teams|TeamTitle||Manchester City||PlayerName||Leonel Messi|",
            "item": "{\"PlayerName\":{\"S\":\"Leonel Messi\"},\"TeamTitle\":{\"S\":\"Manchester City\"}}",
            "range_key": "PlayerName",
            "table_name": "Teams"
          },
          "private": "bnVsbA==",
          "dependencies": [
            "module.dynamodb.aws_dynamodb_table.teams-dynamodb-table"
          ]
        }
      ]
    },
    {
      "module": "module.integration",
      "mode": "managed",
      "type": "aws_api_gateway_integration",
      "name": "integration",
      "provider": "provider[\"registry.terraform.io/hashicorp/aws\"]",
      "instances": [
        {
          "index_key": "items",
          "schema_version": 0,
          "attributes": {
            "cache_key_parameters": [],
            "cache_namespace": "fxbnqt",
            "connection_id": "",
            "connection_type": "INTERNET",
            "content_handling": "",
            "credentials": "",
            "http_method": "POST",
            "id": "agi-43h7puec69-fxbnqt-POST",
            "integration_http_method": "POST",
            "passthrough_behavior": "WHEN_NO_MATCH",
            "request_parameters": {},
            "request_templates": {},
            "resource_id": "fxbnqt",
            "rest_api_id": "43h7puec69",
            "timeout_milliseconds": 29000,
            "type": "AWS_PROXY",
            "uri": "arn:aws:apigateway:us-east-1:lambda:path/2015-03-31/functions/arn:aws:lambda:us-east-1:533088704788:function:lambda-items/invocations"
          },
          "private": "bnVsbA==",
          "dependencies": [
            "module.api.aws_api_gateway_method.get",
            "module.api.aws_api_gateway_method.post",
            "module.api.aws_api_gateway_resource.items",
            "module.api.aws_api_gateway_resource.list",
            "module.api.aws_api_gateway_rest_api.api",
            "module.lambda.aws_iam_policy.dynamodb",
            "module.lambda.aws_iam_role.role",
            "module.lambda.aws_iam_role_policy_attachment.dynamodb",
            "module.lambda.aws_lambda_function.lambda",
            "module.lambda.aws_lambda_permission.apigw_lambda"
          ],
          "create_before_destroy": true
        },
        {
          "index_key": "list",
          "schema_version": 0,
          "attributes": {
            "cache_key_parameters": [],
            "cache_namespace": "nfkjs9",
            "connection_id": "",
            "connection_type": "INTERNET",
            "content_handling": "",
            "credentials": "",
            "http_method": "GET",
            "id": "agi-43h7puec69-nfkjs9-GET",
            "integration_http_method": "POST",
            "passthrough_behavior": "WHEN_NO_MATCH",
            "request_parameters": {},
            "request_templates": {},
            "resource_id": "nfkjs9",
            "rest_api_id": "43h7puec69",
            "timeout_milliseconds": 29000,
            "type": "AWS_PROXY",
            "uri": "arn:aws:apigateway:us-east-1:lambda:path/2015-03-31/functions/arn:aws:lambda:us-east-1:533088704788:function:lambda-list/invocations"
          },
          "private": "bnVsbA==",
          "dependencies": [
            "module.api.aws_api_gateway_method.get",
            "module.api.aws_api_gateway_method.post",
            "module.api.aws_api_gateway_resource.items",
            "module.api.aws_api_gateway_resource.list",
            "module.api.aws_api_gateway_rest_api.api",
            "module.lambda.aws_iam_policy.dynamodb",
            "module.lambda.aws_iam_role.role",
            "module.lambda.aws_iam_role_policy_attachment.dynamodb",
            "module.lambda.aws_lambda_function.lambda",
            "module.lambda.aws_lambda_permission.apigw_lambda"
          ],
          "create_before_destroy": true
        }
      ]
    },
    {
      "module": "module.lambda",
      "mode": "managed",
      "type": "aws_iam_policy",
      "name": "dynamodb",
      "provider": "provider[\"registry.terraform.io/hashicorp/aws\"]",
      "instances": [
        {
          "schema_version": 0,
          "attributes": {
            "arn": "arn:aws:iam::533088704788:policy/lambda_dynamodb_policy",
            "description": "",
            "id": "arn:aws:iam::533088704788:policy/lambda_dynamodb_policy",
            "name": "lambda_dynamodb_policy",
            "name_prefix": null,
            "path": "/",
            "policy": "{\n  \"Version\": \"2012-10-17\",\n  \"Statement\": [\n    {\n      \"Sid\": \"ReadWriteTable\",\n      \"Effect\": \"Allow\",\n      \"Action\": [\n        \"dynamodb:Scan\",\n        \"dynamodb:BatchWriteItem\"\n      ],\n      \"Resource\": \"arn:aws:dynamodb:*:*:table/*\"\n    }\n  ]\n}"
          },
          "private": "bnVsbA==",
          "dependencies": [
            "module.api.aws_api_gateway_method.get",
            "module.api.aws_api_gateway_method.post",
            "module.api.aws_api_gateway_resource.items",
            "module.api.aws_api_gateway_resource.list",
            "module.api.aws_api_gateway_rest_api.api"
          ]
        }
      ]
    },
    {
      "module": "module.lambda",
      "mode": "managed",
      "type": "aws_iam_role",
      "name": "role",
      "provider": "provider[\"registry.terraform.io/hashicorp/aws\"]",
      "instances": [
        {
          "schema_version": 0,
          "attributes": {
            "arn": "arn:aws:iam::533088704788:role/serverless_lambda",
            "assume_role_policy": "{\"Version\":\"2012-10-17\",\"Statement\":[{\"Sid\":\"\",\"Effect\":\"Allow\",\"Principal\":{\"Service\":\"lambda.amazonaws.com\"},\"Action\":\"sts:AssumeRole\"}]}",
            "create_date": "2020-09-01T13:59:13Z",
            "description": "",
            "force_detach_policies": false,
            "id": "serverless_lambda",
            "max_session_duration": 3600,
            "name": "serverless_lambda",
            "name_prefix": null,
            "path": "/",
            "permissions_boundary": null,
            "tags": {},
            "unique_id": "AROAXYHUQDEKME42MGBIF"
          },
          "private": "bnVsbA==",
          "dependencies": [
            "module.api.aws_api_gateway_method.get",
            "module.api.aws_api_gateway_method.post",
            "module.api.aws_api_gateway_resource.items",
            "module.api.aws_api_gateway_resource.list",
            "module.api.aws_api_gateway_rest_api.api"
          ],
          "create_before_destroy": true
        }
      ]
    },
    {
      "module": "module.lambda",
      "mode": "managed",
      "type": "aws_iam_role_policy_attachment",
      "name": "dynamodb",
      "provider": "provider[\"registry.terraform.io/hashicorp/aws\"]",
      "instances": [
        {
          "schema_version": 0,
          "attributes": {
            "id": "serverless_lambda-20200901135920558100000001",
            "policy_arn": "arn:aws:iam::533088704788:policy/lambda_dynamodb_policy",
            "role": "serverless_lambda"
          },
          "private": "bnVsbA==",
          "dependencies": [
            "module.api.aws_api_gateway_method.get",
            "module.api.aws_api_gateway_method.post",
            "module.api.aws_api_gateway_resource.items",
            "module.api.aws_api_gateway_resource.list",
            "module.api.aws_api_gateway_rest_api.api",
            "module.lambda.aws_iam_policy.dynamodb",
            "module.lambda.aws_iam_role.role"
          ],
          "create_before_destroy": true
        }
      ]
    },
    {
      "module": "module.lambda",
      "mode": "managed",
      "type": "aws_lambda_function",
      "name": "lambda",
      "provider": "provider[\"registry.terraform.io/hashicorp/aws\"]",
      "instances": [
        {
          "index_key": "items",
          "schema_version": 0,
          "attributes": {
            "arn": "arn:aws:lambda:us-east-1:533088704788:function:lambda-items",
            "dead_letter_config": [],
            "description": "",
            "environment": [],
            "file_system_config": [],
            "filename": null,
            "function_name": "lambda-items",
            "handler": "items.handler",
            "id": "lambda-items",
            "invoke_arn": "arn:aws:apigateway:us-east-1:lambda:path/2015-03-31/functions/arn:aws:lambda:us-east-1:533088704788:function:lambda-items/invocations",
            "kms_key_arn": "",
            "last_modified": "2020-09-01T14:28:59.427+0000",
            "layers": [],
            "memory_size": 128,
            "publish": false,
            "qualified_arn": "arn:aws:lambda:us-east-1:533088704788:function:lambda-items:$LATEST",
            "reserved_concurrent_executions": -1,
            "role": "arn:aws:iam::533088704788:role/serverless_lambda",
            "runtime": "nodejs10.x",
            "s3_bucket": "my.bucket.to.test.terraform",
            "s3_key": "my.handler.to.test.lambda.b7ef37d65b93879dc351a65a1527c0b6",
            "s3_object_version": null,
            "source_code_hash": "YP1P1JTBOu1wAYsqhj6okkwPsfHWRrsiwFDhcnPW+Ak=",
            "source_code_size": 449,
            "tags": {},
            "timeout": 3,
            "timeouts": null,
            "tracing_config": [
              {
                "mode": "PassThrough"
              }
            ],
            "version": "$LATEST",
            "vpc_config": []
          },
          "private": "eyJlMmJmYjczMC1lY2FhLTExZTYtOGY4OC0zNDM2M2JjN2M0YzAiOnsiY3JlYXRlIjo2MDAwMDAwMDAwMDB9fQ==",
          "dependencies": [
            "module.api.aws_api_gateway_method.get",
            "module.api.aws_api_gateway_method.post",
            "module.api.aws_api_gateway_resource.items",
            "module.api.aws_api_gateway_resource.list",
            "module.api.aws_api_gateway_rest_api.api",
            "module.lambda.aws_iam_role.role"
          ]
        },
        {
          "index_key": "list",
          "schema_version": 0,
          "attributes": {
            "arn": "arn:aws:lambda:us-east-1:533088704788:function:lambda-list",
            "dead_letter_config": [],
            "description": "",
            "environment": [],
            "file_system_config": [],
            "filename": null,
            "function_name": "lambda-list",
            "handler": "list.handler",
            "id": "lambda-list",
            "invoke_arn": "arn:aws:apigateway:us-east-1:lambda:path/2015-03-31/functions/arn:aws:lambda:us-east-1:533088704788:function:lambda-list/invocations",
            "kms_key_arn": "",
            "last_modified": "2020-09-01T14:11:54.774+0000",
            "layers": [],
            "memory_size": 128,
            "publish": false,
            "qualified_arn": "arn:aws:lambda:us-east-1:533088704788:function:lambda-list:$LATEST",
            "reserved_concurrent_executions": -1,
            "role": "arn:aws:iam::533088704788:role/serverless_lambda",
            "runtime": "nodejs10.x",
            "s3_bucket": "my.bucket.to.test.terraform",
            "s3_key": "my.handler.to.test.lambda.6f5fb051d0ccf86ab731b70e73a37be0",
            "s3_object_version": null,
            "source_code_hash": "3EFnKFogIjfRG9slquUqXgq3cZyohp03Lt5+nVbHSAk=",
            "source_code_size": 413,
            "tags": {},
            "timeout": 3,
            "timeouts": null,
            "tracing_config": [
              {
                "mode": "PassThrough"
              }
            ],
            "version": "$LATEST",
            "vpc_config": []
          },
          "private": "eyJlMmJmYjczMC1lY2FhLTExZTYtOGY4OC0zNDM2M2JjN2M0YzAiOnsiY3JlYXRlIjo2MDAwMDAwMDAwMDB9fQ==",
          "dependencies": [
            "module.api.aws_api_gateway_method.get",
            "module.api.aws_api_gateway_method.post",
            "module.api.aws_api_gateway_resource.items",
            "module.api.aws_api_gateway_resource.list",
            "module.api.aws_api_gateway_rest_api.api",
            "module.lambda.aws_iam_role.role"
          ]
        }
      ]
    },
    {
      "module": "module.lambda",
      "mode": "managed",
      "type": "aws_lambda_permission",
      "name": "apigw_lambda",
      "provider": "provider[\"registry.terraform.io/hashicorp/aws\"]",
      "instances": [
        {
          "index_key": "items",
          "schema_version": 0,
          "attributes": {
            "action": "lambda:InvokeFunction",
            "event_source_token": null,
            "function_name": "lambda-items",
            "id": "AllowExecutionFromAPIGateway",
            "principal": "apigateway.amazonaws.com",
            "qualifier": "",
            "source_account": null,
            "source_arn": "arn:aws:execute-api:us-east-1:533088704788:43h7puec69/*/*",
            "statement_id": "AllowExecutionFromAPIGateway",
            "statement_id_prefix": null
          },
          "private": "bnVsbA==",
          "dependencies": [
            "module.api.aws_api_gateway_method.get",
            "module.api.aws_api_gateway_method.post",
            "module.api.aws_api_gateway_resource.items",
            "module.api.aws_api_gateway_resource.list",
            "module.api.aws_api_gateway_rest_api.api"
          ],
          "create_before_destroy": true
        },
        {
          "index_key": "list",
          "schema_version": 0,
          "attributes": {
            "action": "lambda:InvokeFunction",
            "event_source_token": null,
            "function_name": "lambda-list",
            "id": "AllowExecutionFromAPIGateway",
            "principal": "apigateway.amazonaws.com",
            "qualifier": "",
            "source_account": null,
            "source_arn": "arn:aws:execute-api:us-east-1:533088704788:43h7puec69/*/*",
            "statement_id": "AllowExecutionFromAPIGateway",
            "statement_id_prefix": null
          },
          "private": "bnVsbA==",
          "dependencies": [
            "module.api.aws_api_gateway_method.get",
            "module.api.aws_api_gateway_method.post",
            "module.api.aws_api_gateway_resource.items",
            "module.api.aws_api_gateway_resource.list",
            "module.api.aws_api_gateway_rest_api.api"
          ],
          "create_before_destroy": true
        }
      ]
    }
  ]
}
